
Microsoft Visual Studio Solution File, Format Version 12.00
# Visual Studio Version 17
VisualStudioVersion = 17.0.31912.275
MinimumVisualStudioVersion = 10.0.40219.1
Project("{FAE04EC0-301F-11D3-BF4B-00C04F79EFBC}") = "RUAP_LV4", "RUAP_LV4\RUAP_LV4.csproj", "{426F9FEF-DD41-45AA-8634-62F44D65E2FC}"
EndProject
Global
	GlobalSection(SolutionConfigurationPlatforms) = preSolution
		Debug|Any CPU = Debug|Any CPU
		Release|Any CPU = Release|Any CPU
	EndGlobalSection
	GlobalSection(ProjectConfigurationPlatforms) = postSolution
		{426F9FEF-DD41-45AA-8634-62F44D65E2FC}.Debug|Any CPU.ActiveCfg = Debug|Any CPU
		{426F9FEF-DD41-45AA-8634-62F44D65E2FC}.Debug|Any CPU.Build.0 = Debug|Any CPU
		{426F9FEF-DD41-45AA-8634-62F44D65E2FC}.Release|Any CPU.ActiveCfg = Release|Any CPU
		{426F9FEF-DD41-45AA-8634-62F44D65E2FC}.Release|Any CPU.Build.0 = Release|Any CPU
	EndGlobalSection
	GlobalSection(SolutionProperties) = preSolution
		HideSolutionNode = FALSE
	EndGlobalSection
	GlobalSection(ExtensibilityGlobals) = postSolution
		SolutionGuid = {764C39CA-7D44-4942-A366-B22176425687}
	EndGlobalSection
EndGlobal
